
Microsoft Visual Studio Solution File, Format Version 12.00
Project("{FAE04EC0-301F-11D3-BF4B-00C04F79EFBC}") = "TestingRedis", "TestingRedis\TestingRedis.csproj", "{003B3E6F-FC83-4510-97D6-3147B9F86F85}"
EndProject
Global
	GlobalSection(SolutionConfigurationPlatforms) = preSolution
		Debug|Any CPU = Debug|Any CPU
		Release|Any CPU = Release|Any CPU
	EndGlobalSection
	GlobalSection(ProjectConfigurationPlatforms) = postSolution
		{003B3E6F-FC83-4510-97D6-3147B9F86F85}.Debug|Any CPU.ActiveCfg = Debug|Any CPU
		{003B3E6F-FC83-4510-97D6-3147B9F86F85}.Debug|Any CPU.Build.0 = Debug|Any CPU
		{003B3E6F-FC83-4510-97D6-3147B9F86F85}.Release|Any CPU.ActiveCfg = Release|Any CPU
		{003B3E6F-FC83-4510-97D6-3147B9F86F85}.Release|Any CPU.Build.0 = Release|Any CPU
	EndGlobalSection
EndGlobal
